// !$*UTF8*$!
{
	archiveVersion = 1;
	classes = {
	};
	objectVersion = 46;
	objects = {

/* Begin PBXBuildFile section */
		A967EB6719435FDD00DE4710 /* Foundation.framework in Frameworks */ = {isa = PBXBuildFile; fileRef = A967EB6619435FDD00DE4710 /* Foundation.framework */; };
		A967EB6919435FDD00DE4710 /* CoreGraphics.framework in Frameworks */ = {isa = PBXBuildFile; fileRef = A967EB6819435FDD00DE4710 /* CoreGraphics.framework */; };
		A967EB6B19435FDD00DE4710 /* UIKit.framework in Frameworks */ = {isa = PBXBuildFile; fileRef = A967EB6A19435FDD00DE4710 /* UIKit.framework */; };
		A967EB7119435FDD00DE4710 /* InfoPlist.strings in Resources */ = {isa = PBXBuildFile; fileRef = A967EB6F19435FDD00DE4710 /* InfoPlist.strings */; };
		A967EB7319435FDD00DE4710 /* main.m in Sources */ = {isa = PBXBuildFile; fileRef = A967EB7219435FDD00DE4710 /* main.m */; };
		A967EB7719435FDD00DE4710 /* ForecastAppDelegate.m in Sources */ = {isa = PBXBuildFile; fileRef = A967EB7619435FDD00DE4710 /* ForecastAppDelegate.m */; };
		A967EB7919435FDD00DE4710 /* Images.xcassets in Resources */ = {isa = PBXBuildFile; fileRef = A967EB7819435FDD00DE4710 /* Images.xcassets */; };
		A967EB8119435FDD00DE4710 /* Foundation.framework in Frameworks */ = {isa = PBXBuildFile; fileRef = A967EB6619435FDD00DE4710 /* Foundation.framework */; };
		A967EB8219435FDD00DE4710 /* UIKit.framework in Frameworks */ = {isa = PBXBuildFile; fileRef = A967EB6A19435FDD00DE4710 /* UIKit.framework */; };
		A967EB8A19435FDD00DE4710 /* InfoPlist.strings in Resources */ = {isa = PBXBuildFile; fileRef = A967EB8819435FDD00DE4710 /* InfoPlist.strings */; };
		A967EB8C19435FDD00DE4710 /* ForecastTests.m in Sources */ = {isa = PBXBuildFile; fileRef = A967EB8B19435FDD00DE4710 /* ForecastTests.m */; };
		A967EB981943601700DE4710 /* ForecastViewController.m in Sources */ = {isa = PBXBuildFile; fileRef = A967EB961943601700DE4710 /* ForecastViewController.m */; };
		A967EBA01943667600DE4710 /* AVFoundation.framework in Frameworks */ = {isa = PBXBuildFile; fileRef = A967EB9F1943667600DE4710 /* AVFoundation.framework */; };
		A96A799C1946AE210019D365 /* ForecastViewController.xib in Resources */ = {isa = PBXBuildFile; fileRef = A96A799E1946AE210019D365 /* ForecastViewController.xib */; };
		A9764D7C19441B330007386A /* ForecastViewModalController.m in Sources */ = {isa = PBXBuildFile; fileRef = A9764D7A19441B330007386A /* ForecastViewModalController.m */; };
		A9764D7D19441B330007386A /* ForecastViewModalController.xib in Resources */ = {isa = PBXBuildFile; fileRef = A9764D7B19441B330007386A /* ForecastViewModalController.xib */; };
		A9764D7F19444A920007386A /* QuartzCore.framework in Frameworks */ = {isa = PBXBuildFile; fileRef = A9764D7E19444A920007386A /* QuartzCore.framework */; };
		A9764D821944A2050007386A /* UIViewController+ForecastAnimation.m in Sources */ = {isa = PBXBuildFile; fileRef = A9764D811944A2050007386A /* UIViewController+ForecastAnimation.m */; };
		A9764D851944A5DC0007386A /* n67853931b047de3e.jpg in Resources */ = {isa = PBXBuildFile; fileRef = A9764D831944A5DC0007386A /* n67853931b047de3e.jpg */; };
		A9764D861944A5DC0007386A /* hanzawa.m4a in Resources */ = {isa = PBXBuildFile; fileRef = A9764D841944A5DC0007386A /* hanzawa.m4a */; };
		A9764D8C1944B13A0007386A /* 4.jpg in Resources */ = {isa = PBXBuildFile; fileRef = A9764D871944B13A0007386A /* 4.jpg */; };
		A9764D8E1944B13A0007386A /* 2.jpg in Resources */ = {isa = PBXBuildFile; fileRef = A9764D891944B13A0007386A /* 2.jpg */; };
		A9764D8F1944B13A0007386A /* 1.jpg in Resources */ = {isa = PBXBuildFile; fileRef = A9764D8A1944B13A0007386A /* 1.jpg */; };
		A9764D901944B13A0007386A /* 3.jpg in Resources */ = {isa = PBXBuildFile; fileRef = A9764D8B1944B13A0007386A /* 3.jpg */; };
		A9764D921944B1940007386A /* 0.jpg in Resources */ = {isa = PBXBuildFile; fileRef = A9764D911944B1940007386A /* 0.jpg */; };
/* End PBXBuildFile section */

/* Begin PBXContainerItemProxy section */
		A967EB8319435FDD00DE4710 /* PBXContainerItemProxy */ = {
			isa = PBXContainerItemProxy;
			containerPortal = A967EB5B19435FDD00DE4710 /* Project object */;
			proxyType = 1;
			remoteGlobalIDString = A967EB6219435FDD00DE4710;
			remoteInfo = Forecast;
		};
/* End PBXContainerItemProxy section */

/* Begin PBXFileReference section */
		A967EB6319435FDD00DE4710 /* Forecast.app */ = {isa = PBXFileReference; explicitFileType = wrapper.application; includeInIndex = 0; path = Forecast.app; sourceTree = BUILT_PRODUCTS_DIR; };
		A967EB6619435FDD00DE4710 /* Foundation.framework */ = {isa = PBXFileReference; lastKnownFileType = wrapper.framework; name = Foundation.framework; path = System/Library/Frameworks/Foundation.framework; sourceTree = SDKROOT; };
		A967EB6819435FDD00DE4710 /* CoreGraphics.framework */ = {isa = PBXFileReference; lastKnownFileType = wrapper.framework; name = CoreGraphics.framework; path = System/Library/Frameworks/CoreGraphics.framework; sourceTree = SDKROOT; };
		A967EB6A19435FDD00DE4710 /* UIKit.framework */ = {isa = PBXFileReference; lastKnownFileType = wrapper.framework; name = UIKit.framework; path = System/Library/Frameworks/UIKit.framework; sourceTree = SDKROOT; };
		A967EB6E19435FDD00DE4710 /* Forecast-Info.plist */ = {isa = PBXFileReference; lastKnownFileType = text.plist.xml; path = "Forecast-Info.plist"; sourceTree = "<group>"; };
		A967EB7019435FDD00DE4710 /* en */ = {isa = PBXFileReference; lastKnownFileType = text.plist.strings; name = en; path = en.lproj/InfoPlist.strings; sourceTree = "<group>"; };
		A967EB7219435FDD00DE4710 /* main.m */ = {isa = PBXFileReference; lastKnownFileType = sourcecode.c.objc; path = main.m; sourceTree = "<group>"; };
		A967EB7419435FDD00DE4710 /* Forecast-Prefix.pch */ = {isa = PBXFileReference; lastKnownFileType = sourcecode.c.h; path = "Forecast-Prefix.pch"; sourceTree = "<group>"; };
		A967EB7519435FDD00DE4710 /* ForecastAppDelegate.h */ = {isa = PBXFileReference; lastKnownFileType = sourcecode.c.h; path = ForecastAppDelegate.h; sourceTree = "<group>"; };
		A967EB7619435FDD00DE4710 /* ForecastAppDelegate.m */ = {isa = PBXFileReference; lastKnownFileType = sourcecode.c.objc; path = ForecastAppDelegate.m; sourceTree = "<group>"; };
		A967EB7819435FDD00DE4710 /* Images.xcassets */ = {isa = PBXFileReference; lastKnownFileType = folder.assetcatalog; path = Images.xcassets; sourceTree = "<group>"; };
		A967EB7E19435FDD00DE4710 /* ForecastTests.xctest */ = {isa = PBXFileReference; explicitFileType = wrapper.cfbundle; includeInIndex = 0; path = ForecastTests.xctest; sourceTree = BUILT_PRODUCTS_DIR; };
		A967EB8719435FDD00DE4710 /* ForecastTests-Info.plist */ = {isa = PBXFileReference; lastKnownFileType = text.plist.xml; path = "ForecastTests-Info.plist"; sourceTree = "<group>"; };
		A967EB8919435FDD00DE4710 /* en */ = {isa = PBXFileReference; lastKnownFileType = text.plist.strings; name = en; path = en.lproj/InfoPlist.strings; sourceTree = "<group>"; };
		A967EB8B19435FDD00DE4710 /* ForecastTests.m */ = {isa = PBXFileReference; lastKnownFileType = sourcecode.c.objc; path = ForecastTests.m; sourceTree = "<group>"; };
		A967EB951943601700DE4710 /* ForecastViewController.h */ = {isa = PBXFileReference; fileEncoding = 4; lastKnownFileType = sourcecode.c.h; path = ForecastViewController.h; sourceTree = "<group>"; };
		A967EB961943601700DE4710 /* ForecastViewController.m */ = {isa = PBXFileReference; fileEncoding = 4; lastKnownFileType = sourcecode.c.objc; path = ForecastViewController.m; sourceTree = "<group>"; };
		A967EB9F1943667600DE4710 /* AVFoundation.framework */ = {isa = PBXFileReference; lastKnownFileType = wrapper.framework; name = AVFoundation.framework; path = System/Library/Frameworks/AVFoundation.framework; sourceTree = SDKROOT; };
		A96A799D1946AE210019D365 /* en */ = {isa = PBXFileReference; lastKnownFileType = file.xib; name = en; path = en.lproj/ForecastViewController.xib; sourceTree = "<group>"; };
		A9764D7919441B330007386A /* ForecastViewModalController.h */ = {isa = PBXFileReference; fileEncoding = 4; lastKnownFileType = sourcecode.c.h; path = ForecastViewModalController.h; sourceTree = "<group>"; };
		A9764D7A19441B330007386A /* ForecastViewModalController.m */ = {isa = PBXFileReference; fileEncoding = 4; lastKnownFileType = sourcecode.c.objc; path = ForecastViewModalController.m; sourceTree = "<group>"; };
		A9764D7B19441B330007386A /* ForecastViewModalController.xib */ = {isa = PBXFileReference; fileEncoding = 4; lastKnownFileType = file.xib; path = ForecastViewModalController.xib; sourceTree = "<group>"; };
		A9764D7E19444A920007386A /* QuartzCore.framework */ = {isa = PBXFileReference; lastKnownFileType = wrapper.framework; name = QuartzCore.framework; path = System/Library/Frameworks/QuartzCore.framework; sourceTree = SDKROOT; };
		A9764D801944A2050007386A /* UIViewController+ForecastAnimation.h */ = {isa = PBXFileReference; fileEncoding = 4; lastKnownFileType = sourcecode.c.h; path = "UIViewController+ForecastAnimation.h"; sourceTree = "<group>"; };
		A9764D811944A2050007386A /* UIViewController+ForecastAnimation.m */ = {isa = PBXFileReference; fileEncoding = 4; lastKnownFileType = sourcecode.c.objc; path = "UIViewController+ForecastAnimation.m"; sourceTree = "<group>"; };
		A9764D831944A5DC0007386A /* n67853931b047de3e.jpg */ = {isa = PBXFileReference; lastKnownFileType = image.jpeg; name = n67853931b047de3e.jpg; path = resource/n67853931b047de3e.jpg; sourceTree = "<group>"; };
		A9764D841944A5DC0007386A /* hanzawa.m4a */ = {isa = PBXFileReference; lastKnownFileType = file; name = hanzawa.m4a; path = resource/hanzawa.m4a; sourceTree = "<group>"; };
		A9764D871944B13A0007386A /* 4.jpg */ = {isa = PBXFileReference; lastKnownFileType = image.jpeg; name = 4.jpg; path = resource/4.jpg; sourceTree = "<group>"; };
		A9764D891944B13A0007386A /* 2.jpg */ = {isa = PBXFileReference; lastKnownFileType = image.jpeg; name = 2.jpg; path = resource/2.jpg; sourceTree = "<group>"; };
		A9764D8A1944B13A0007386A /* 1.jpg */ = {isa = PBXFileReference; lastKnownFileType = image.jpeg; name = 1.jpg; path = resource/1.jpg; sourceTree = "<group>"; };
		A9764D8B1944B13A0007386A /* 3.jpg */ = {isa = PBXFileReference; lastKnownFileType = image.jpeg; name = 3.jpg; path = resource/3.jpg; sourceTree = "<group>"; };
		A9764D911944B1940007386A /* 0.jpg */ = {isa = PBXFileReference; lastKnownFileType = image.jpeg; name = 0.jpg; path = resource/0.jpg; sourceTree = "<group>"; };
/* End PBXFileReference section */

/* Begin PBXFrameworksBuildPhase section */
		A967EB6019435FDD00DE4710 /* Frameworks */ = {
			isa = PBXFrameworksBuildPhase;
			buildActionMask = 2147483647;
			files = (
				A9764D7F19444A920007386A /* QuartzCore.framework in Frameworks */,
				A967EBA01943667600DE4710 /* AVFoundation.framework in Frameworks */,
				A967EB6919435FDD00DE4710 /* CoreGraphics.framework in Frameworks */,
				A967EB6B19435FDD00DE4710 /* UIKit.framework in Frameworks */,
				A967EB6719435FDD00DE4710 /* Foundation.framework in Frameworks */,
			);
			runOnlyForDeploymentPostprocessing = 0;
		};
		A967EB7B19435FDD00DE4710 /* Frameworks */ = {
			isa = PBXFrameworksBuildPhase;
			buildActionMask = 2147483647;
			files = (
				A967EB8219435FDD00DE4710 /* UIKit.framework in Frameworks */,
				A967EB8119435FDD00DE4710 /* Foundation.framework in Frameworks */,
			);
			runOnlyForDeploymentPostprocessing = 0;
		};
/* End PBXFrameworksBuildPhase section */

/* Begin PBXGroup section */
		A967EB5A19435FDD00DE4710 = {
			isa = PBXGroup;
			children = (
				A967EB6C19435FDD00DE4710 /* Forecast */,
				A967EB8519435FDD00DE4710 /* ForecastTests */,
				A967EB6519435FDD00DE4710 /* Frameworks */,
				A967EB6419435FDD00DE4710 /* Products */,
			);
			sourceTree = "<group>";
		};
		A967EB6419435FDD00DE4710 /* Products */ = {
			isa = PBXGroup;
			children = (
				A967EB6319435FDD00DE4710 /* Forecast.app */,
				A967EB7E19435FDD00DE4710 /* ForecastTests.xctest */,
			);
			name = Products;
			sourceTree = "<group>";
		};
		A967EB6519435FDD00DE4710 /* Frameworks */ = {
			isa = PBXGroup;
			children = (
				A9764D7E19444A920007386A /* QuartzCore.framework */,
				A967EB9F1943667600DE4710 /* AVFoundation.framework */,
				A967EB6619435FDD00DE4710 /* Foundation.framework */,
				A967EB6819435FDD00DE4710 /* CoreGraphics.framework */,
				A967EB6A19435FDD00DE4710 /* UIKit.framework */,
			);
			name = Frameworks;
			sourceTree = "<group>";
		};
		A967EB6C19435FDD00DE4710 /* Forecast */ = {
			isa = PBXGroup;
			children = (
				A967EB7519435FDD00DE4710 /* ForecastAppDelegate.h */,
				A967EB7619435FDD00DE4710 /* ForecastAppDelegate.m */,
				A967EB951943601700DE4710 /* ForecastViewController.h */,
				A967EB961943601700DE4710 /* ForecastViewController.m */,
				A96A799E1946AE210019D365 /* ForecastViewController.xib */,
				A9764D7919441B330007386A /* ForecastViewModalController.h */,
				A9764D7A19441B330007386A /* ForecastViewModalController.m */,
				A9764D7B19441B330007386A /* ForecastViewModalController.xib */,
				A9764D801944A2050007386A /* UIViewController+ForecastAnimation.h */,
				A9764D811944A2050007386A /* UIViewController+ForecastAnimation.m */,
				A967EB7819435FDD00DE4710 /* Images.xcassets */,
				A967EB9A194361FC00DE4710 /* Resource */,
				A967EB6D19435FDD00DE4710 /* Supporting Files */,
			);
			path = Forecast;
			sourceTree = "<group>";
		};
		A967EB6D19435FDD00DE4710 /* Supporting Files */ = {
			isa = PBXGroup;
			children = (
				A967EB6E19435FDD00DE4710 /* Forecast-Info.plist */,
				A967EB6F19435FDD00DE4710 /* InfoPlist.strings */,
				A967EB7219435FDD00DE4710 /* main.m */,
				A967EB7419435FDD00DE4710 /* Forecast-Prefix.pch */,
			);
			name = "Supporting Files";
			sourceTree = "<group>";
		};
		A967EB8519435FDD00DE4710 /* ForecastTests */ = {
			isa = PBXGroup;
			children = (
				A967EB8B19435FDD00DE4710 /* ForecastTests.m */,
				A967EB8619435FDD00DE4710 /* Supporting Files */,
			);
			path = ForecastTests;
			sourceTree = "<group>";
		};
		A967EB8619435FDD00DE4710 /* Supporting Files */ = {
			isa = PBXGroup;
			children = (
				A967EB8719435FDD00DE4710 /* ForecastTests-Info.plist */,
				A967EB8819435FDD00DE4710 /* InfoPlist.strings */,
			);
			name = "Supporting Files";
			sourceTree = "<group>";
		};
		A967EB9A194361FC00DE4710 /* Resource */ = {
			isa = PBXGroup;
			children = (
				A9764D911944B1940007386A /* 0.jpg */,
				A9764D871944B13A0007386A /* 4.jpg */,
				A9764D891944B13A0007386A /* 2.jpg */,
				A9764D8A1944B13A0007386A /* 1.jpg */,
				A9764D8B1944B13A0007386A /* 3.jpg */,
				A9764D831944A5DC0007386A /* n67853931b047de3e.jpg */,
				A9764D841944A5DC0007386A /* hanzawa.m4a */,
			);
			name = Resource;
			sourceTree = "<group>";
		};
/* End PBXGroup section */

/* Begin PBXNativeTarget section */
		A967EB6219435FDD00DE4710 /* Forecast */ = {
			isa = PBXNativeTarget;
			buildConfigurationList = A967EB8F19435FDD00DE4710 /* Build configuration list for PBXNativeTarget "Forecast" */;
			buildPhases = (
				A967EB5F19435FDD00DE4710 /* Sources */,
				A967EB6019435FDD00DE4710 /* Frameworks */,
				A967EB6119435FDD00DE4710 /* Resources */,
			);
			buildRules = (
			);
			dependencies = (
			);
			name = Forecast;
			productName = Forecast;
			productReference = A967EB6319435FDD00DE4710 /* Forecast.app */;
			productType = "com.apple.product-type.application";
		};
		A967EB7D19435FDD00DE4710 /* ForecastTests */ = {
			isa = PBXNativeTarget;
			buildConfigurationList = A967EB9219435FDD00DE4710 /* Build configuration list for PBXNativeTarget "ForecastTests" */;
			buildPhases = (
				A967EB7A19435FDD00DE4710 /* Sources */,
				A967EB7B19435FDD00DE4710 /* Frameworks */,
				A967EB7C19435FDD00DE4710 /* Resources */,
			);
			buildRules = (
			);
			dependencies = (
				A967EB8419435FDD00DE4710 /* PBXTargetDependency */,
			);
			name = ForecastTests;
			productName = ForecastTests;
			productReference = A967EB7E19435FDD00DE4710 /* ForecastTests.xctest */;
			productType = "com.apple.product-type.bundle.unit-test";
		};
/* End PBXNativeTarget section */

/* Begin PBXProject section */
		A967EB5B19435FDD00DE4710 /* Project object */ = {
			isa = PBXProject;
			attributes = {
				CLASSPREFIX = Forecast;
				LastUpgradeCheck = 0510;
				ORGANIZATIONNAME = "___FULLUSERNAME___";
				TargetAttributes = {
					A967EB7D19435FDD00DE4710 = {
						TestTargetID = A967EB6219435FDD00DE4710;
					};
				};
			};
			buildConfigurationList = A967EB5E19435FDD00DE4710 /* Build configuration list for PBXProject "Forecast" */;
			compatibilityVersion = "Xcode 3.2";
			developmentRegion = English;
			hasScannedForEncodings = 0;
			knownRegions = (
				en,
			);
			mainGroup = A967EB5A19435FDD00DE4710;
			productRefGroup = A967EB6419435FDD00DE4710 /* Products */;
			projectDirPath = "";
			projectRoot = "";
			targets = (
				A967EB6219435FDD00DE4710 /* Forecast */,
				A967EB7D19435FDD00DE4710 /* ForecastTests */,
			);
		};
/* End PBXProject section */

/* Begin PBXResourcesBuildPhase section */
		A967EB6119435FDD00DE4710 /* Resources */ = {
			isa = PBXResourcesBuildPhase;
			buildActionMask = 2147483647;
			files = (
				A9764D921944B1940007386A /* 0.jpg in Resources */,
				A9764D901944B13A0007386A /* 3.jpg in Resources */,
				A9764D851944A5DC0007386A /* n67853931b047de3e.jpg in Resources */,
				A9764D8C1944B13A0007386A /* 4.jpg in Resources */,
				A9764D8E1944B13A0007386A /* 2.jpg in Resources */,
				A967EB7119435FDD00DE4710 /* InfoPlist.strings in Resources */,
				A96A799C1946AE210019D365 /* ForecastViewController.xib in Resources */,
				A9764D7D19441B330007386A /* ForecastViewModalController.xib in Resources */,
				A967EB7919435FDD00DE4710 /* Images.xcassets in Resources */,
				A9764D861944A5DC0007386A /* hanzawa.m4a in Resources */,
				A9764D8F1944B13A0007386A /* 1.jpg in Resources */,
			);
			runOnlyForDeploymentPostprocessing = 0;
		};
		A967EB7C19435FDD00DE4710 /* Resources */ = {
			isa = PBXResourcesBuildPhase;
			buildActionMask = 2147483647;
			files = (
				A967EB8A19435FDD00DE4710 /* InfoPlist.strings in Resources */,
			);
			runOnlyForDeploymentPostprocessing = 0;
		};
/* End PBXResourcesBuildPhase section */

/* Begin PBXSourcesBuildPhase section */
		A967EB5F19435FDD00DE4710 /* Sources */ = {
			isa = PBXSourcesBuildPhase;
			buildActionMask = 2147483647;
			files = (
				A9764D821944A2050007386A /* UIViewController+ForecastAnimation.m in Sources */,
				A9764D7C19441B330007386A /* ForecastViewModalController.m in Sources */,
				A967EB7319435FDD00DE4710 /* main.m in Sources */,
				A967EB981943601700DE4710 /* ForecastViewController.m in Sources */,
				A967EB7719435FDD00DE4710 /* ForecastAppDelegate.m in Sources */,
			);
			runOnlyForDeploymentPostprocessing = 0;
		};
		A967EB7A19435FDD00DE4710 /* Sources */ = {
			isa = PBXSourcesBuildPhase;
			buildActionMask = 2147483647;
			files = (
				A967EB8C19435FDD00DE4710 /* ForecastTests.m in Sources */,
			);
			runOnlyForDeploymentPostprocessing = 0;
		};
/* End PBXSourcesBuildPhase section */

/* Begin PBXTargetDependency section */
		A967EB8419435FDD00DE4710 /* PBXTargetDependency */ = {
			isa = PBXTargetDependency;
			target = A967EB6219435FDD00DE4710 /* Forecast */;
			targetProxy = A967EB8319435FDD00DE4710 /* PBXContainerItemProxy */;
		};
/* End PBXTargetDependency section */

/* Begin PBXVariantGroup section */
		A967EB6F19435FDD00DE4710 /* InfoPlist.strings */ = {
			isa = PBXVariantGroup;
			children = (
				A967EB7019435FDD00DE4710 /* en */,
			);
			name = InfoPlist.strings;
			sourceTree = "<group>";
		};
		A967EB8819435FDD00DE4710 /* InfoPlist.strings */ = {
			isa = PBXVariantGroup;
			children = (
				A967EB8919435FDD00DE4710 /* en */,
			);
			name = InfoPlist.strings;
			sourceTree = "<group>";
		};
		A96A799E1946AE210019D365 /* ForecastViewController.xib */ = {
			isa = PBXVariantGroup;
			children = (
				A96A799D1946AE210019D365 /* en */,
			);
			name = ForecastViewController.xib;
			sourceTree = "<group>";
		};
/* End PBXVariantGroup section */

/* Begin XCBuildConfiguration section */
		A967EB8D19435FDD00DE4710 /* Debug */ = {
			isa = XCBuildConfiguration;
			buildSettings = {
				ALWAYS_SEARCH_USER_PATHS = NO;
				CLANG_CXX_LANGUAGE_STANDARD = "gnu++0x";
				CLANG_CXX_LIBRARY = "libc++";
				CLANG_ENABLE_MODULES = YES;
				CLANG_ENABLE_OBJC_ARC = YES;
				CLANG_WARN_BOOL_CONVERSION = YES;
				CLANG_WARN_CONSTANT_CONVERSION = YES;
				CLANG_WARN_DIRECT_OBJC_ISA_USAGE = YES_ERROR;
				CLANG_WARN_EMPTY_BODY = YES;
				CLANG_WARN_ENUM_CONVERSION = YES;
				CLANG_WARN_INT_CONVERSION = YES;
				CLANG_WARN_OBJC_ROOT_CLASS = YES_ERROR;
				CLANG_WARN__DUPLICATE_METHOD_MATCH = YES;
				"CODE_SIGN_IDENTITY[sdk=iphoneos*]" = "iPhone Developer";
				COPY_PHASE_STRIP = NO;
				GCC_C_LANGUAGE_STANDARD = gnu99;
				GCC_DYNAMIC_NO_PIC = NO;
				GCC_OPTIMIZATION_LEVEL = 0;
				GCC_PREPROCESSOR_DEFINITIONS = (
					"DEBUG=1",
					"$(inherited)",
				);
				GCC_SYMBOLS_PRIVATE_EXTERN = NO;
				GCC_WARN_64_TO_32_BIT_CONVERSION = YES;
				GCC_WARN_ABOUT_RETURN_TYPE = YES_ERROR;
				GCC_WARN_UNDECLARED_SELECTOR = YES;
				GCC_WARN_UNINITIALIZED_AUTOS = YES_AGGRESSIVE;
				GCC_WARN_UNUSED_FUNCTION = YES;
				GCC_WARN_UNUSED_VARIABLE = YES;
				IPHONEOS_DEPLOYMENT_TARGET = 7.1;
				ONLY_ACTIVE_ARCH = YES;
				SDKROOT = iphoneos;
			};
			name = Debug;
		};
		A967EB8E19435FDD00DE4710 /* Release */ = {
			isa = XCBuildConfiguration;
			buildSettings = {
				ALWAYS_SEARCH_USER_PATHS = NO;
				CLANG_CXX_LANGUAGE_STANDARD = "gnu++0x";
				CLANG_CXX_LIBRARY = "libc++";
				CLANG_ENABLE_MODULES = YES;
				CLANG_ENABLE_OBJC_ARC = YES;
				CLANG_WARN_BOOL_CONVERSION = YES;
				CLANG_WARN_CONSTANT_CONVERSION = YES;
				CLANG_WARN_DIRECT_OBJC_ISA_USAGE = YES_ERROR;
				CLANG_WARN_EMPTY_BODY = YES;
				CLANG_WARN_ENUM_CONVERSION = YES;
				CLANG_WARN_INT_CONVERSION = YES;
				CLANG_WARN_OBJC_ROOT_CLASS = YES_ERROR;
				CLANG_WARN__DUPLICATE_METHOD_MATCH = YES;
				"CODE_SIGN_IDENTITY[sdk=iphoneos*]" = "iPhone Developer";
				COPY_PHASE_STRIP = YES;
				ENABLE_NS_ASSERTIONS = NO;
				GCC_C_LANGUAGE_STANDARD = gnu99;
				GCC_WARN_64_TO_32_BIT_CONVERSION = YES;
				GCC_WARN_ABOUT_RETURN_TYPE = YES_ERROR;
				GCC_WARN_UNDECLARED_SELECTOR = YES;
				GCC_WARN_UNINITIALIZED_AUTOS = YES_AGGRESSIVE;
				GCC_WARN_UNUSED_FUNCTION = YES;
				GCC_WARN_UNUSED_VARIABLE = YES;
				IPHONEOS_DEPLOYMENT_TARGET = 7.1;
				SDKROOT = iphoneos;
				VALIDATE_PRODUCT = YES;
			};
			name = Release;
		};
		A967EB9019435FDD00DE4710 /* Debug */ = {
			isa = XCBuildConfiguration;
			buildSettings = {
				ASSETCATALOG_COMPILER_APPICON_NAME = AppIcon;
				ASSETCATALOG_COMPILER_LAUNCHIMAGE_NAME = LaunchImage;
				GCC_PRECOMPILE_PREFIX_HEADER = YES;
				GCC_PREFIX_HEADER = "Forecast/Forecast-Prefix.pch";
				INFOPLIST_FILE = "Forecast/Forecast-Info.plist";
				PRODUCT_NAME = "$(TARGET_NAME)";
				WRAPPER_EXTENSION = app;
			};
			name = Debug;
		};
		A967EB9119435FDD00DE4710 /* Release */ = {
			isa = XCBuildConfiguration;
			buildSettings = {
				ASSETCATALOG_COMPILER_APPICON_NAME = AppIcon;
				ASSETCATALOG_COMPILER_LAUNCHIMAGE_NAME = LaunchImage;
				GCC_PRECOMPILE_PREFIX_HEADER = YES;
				GCC_PREFIX_HEADER = "Forecast/Forecast-Prefix.pch";
				INFOPLIST_FILE = "Forecast/Forecast-Info.plist";
				PRODUCT_NAME = "$(TARGET_NAME)";
				WRAPPER_EXTENSION = app;
			};
			name = Release;
		};
		A967EB9319435FDD00DE4710 /* Debug */ = {
			isa = XCBuildConfiguration;
			buildSettings = {
				BUNDLE_LOADER = "$(BUILT_PRODUCTS_DIR)/Forecast.app/Forecast";
				FRAMEWORK_SEARCH_PATHS = (
					"$(SDKROOT)/Developer/Library/Frameworks",
					"$(inherited)",
					"$(DEVELOPER_FRAMEWORKS_DIR)",
				);
				GCC_PRECOMPILE_PREFIX_HEADER = YES;
				GCC_PREFIX_HEADER = "Forecast/Forecast-Prefix.pch";
				GCC_PREPROCESSOR_DEFINITIONS = (
					"DEBUG=1",
					"$(inherited)",
				);
				INFOPLIST_FILE = "ForecastTests/ForecastTests-Info.plist";
				PRODUCT_NAME = "$(TARGET_NAME)";
				TEST_HOST = "$(BUNDLE_LOADER)";
				WRAPPER_EXTENSION = xctest;
			};
			name = Debug;
		};
		A967EB9419435FDD00DE4710 /* Release */ = {
			isa = XCBuildConfiguration;
			buildSettings = {
				BUNDLE_LOADER = "$(BUILT_PRODUCTS_DIR)/Forecast.app/Forecast";
				FRAMEWORK_SEARCH_PATHS = (
					"$(SDKROOT)/Developer/Library/Frameworks",
					"$(inherited)",
					"$(DEVELOPER_FRAMEWORKS_DIR)",
				);
				GCC_PRECOMPILE_PREFIX_HEADER = YES;
				GCC_PREFIX_HEADER = "Forecast/Forecast-Prefix.pch";
				INFOPLIST_FILE = "ForecastTests/ForecastTests-Info.plist";
				PRODUCT_NAME = "$(TARGET_NAME)";
				TEST_HOST = "$(BUNDLE_LOADER)";
				WRAPPER_EXTENSION = xctest;
			};
			name = Release;
		};
/* End XCBuildConfiguration section */

/* Begin XCConfigurationList section */
		A967EB5E19435FDD00DE4710 /* Build configuration list for PBXProject "Forecast" */ = {
			isa = XCConfigurationList;
			buildConfigurations = (
				A967EB8D19435FDD00DE4710 /* Debug */,
				A967EB8E19435FDD00DE4710 /* Release */,
			);
			defaultConfigurationIsVisible = 0;
			defaultConfigurationName = Release;
		};
		A967EB8F19435FDD00DE4710 /* Build configuration list for PBXNativeTarget "Forecast" */ = {
			isa = XCConfigurationList;
			buildConfigurations = (
				A967EB9019435FDD00DE4710 /* Debug */,
				A967EB9119435FDD00DE4710 /* Release */,
			);
			defaultConfigurationIsVisible = 0;
			defaultConfigurationName = Release;
		};
		A967EB9219435FDD00DE4710 /* Build configuration list for PBXNativeTarget "ForecastTests" */ = {
			isa = XCConfigurationList;
			buildConfigurations = (
				A967EB9319435FDD00DE4710 /* Debug */,
				A967EB9419435FDD00DE4710 /* Release */,
			);
			defaultConfigurationIsVisible = 0;
			defaultConfigurationName = Release;
		};
/* End XCConfigurationList section */
	};
	rootObject = A967EB5B19435FDD00DE4710 /* Project object */;
}
